// !$*UTF8*$!
{
	archiveVersion = 1;
	classes = {
	};
	objectVersion = 51;
	objects = {

/* Begin PBXBuildFile section */
		C579DAEB9A0D90593311328D /* Pods_BeelineTests.framework in Frameworks */ = {isa = PBXBuildFile; fileRef = 87037EF56ADFDEA6B68891B4 /* Pods_BeelineTests.framework */; };
		CA433D7AE73EBD69BC38430B /* Pods_Beeline.framework in Frameworks */ = {isa = PBXBuildFile; fileRef = 6EBACD122B5E4FA8862F0A04 /* Pods_Beeline.framework */; };
		E765ED2124F9888100FA049D /* AppDelegate.swift in Sources */ = {isa = PBXBuildFile; fileRef = E765ED2024F9888100FA049D /* AppDelegate.swift */; };
		E765ED2524F9888100FA049D /* ViewController.swift in Sources */ = {isa = PBXBuildFile; fileRef = E765ED2424F9888100FA049D /* ViewController.swift */; };
		E765ED2824F9888100FA049D /* Main.storyboard in Resources */ = {isa = PBXBuildFile; fileRef = E765ED2624F9888100FA049D /* Main.storyboard */; };
		E765ED2A24F9888300FA049D /* Assets.xcassets in Resources */ = {isa = PBXBuildFile; fileRef = E765ED2924F9888300FA049D /* Assets.xcassets */; };
		E765ED2D24F9888300FA049D /* LaunchScreen.storyboard in Resources */ = {isa = PBXBuildFile; fileRef = E765ED2B24F9888300FA049D /* LaunchScreen.storyboard */; };
		E765ED3824F9888300FA049D /* BeelineTests.swift in Sources */ = {isa = PBXBuildFile; fileRef = E765ED3724F9888300FA049D /* BeelineTests.swift */; };
		E786D72C24F995D90054CBE4 /* AppDelegateViewModel.swift in Sources */ = {isa = PBXBuildFile; fileRef = E786D72B24F995D90054CBE4 /* AppDelegateViewModel.swift */; };
		E786D73324F998B20054CBE4 /* CLLocationManager+Rx.swift in Sources */ = {isa = PBXBuildFile; fileRef = E786D73224F998B20054CBE4 /* CLLocationManager+Rx.swift */; };
		E786D73524F9990A0054CBE4 /* RxCLLocationManagerDelegateProxy.swift in Sources */ = {isa = PBXBuildFile; fileRef = E786D73424F9990A0054CBE4 /* RxCLLocationManagerDelegateProxy.swift */; };
		E786D73A24F9A4960054CBE4 /* DefaultViewModel.swift in Sources */ = {isa = PBXBuildFile; fileRef = E786D73924F9A4960054CBE4 /* DefaultViewModel.swift */; };
/* End PBXBuildFile section */

/* Begin PBXContainerItemProxy section */
		E765ED3424F9888300FA049D /* PBXContainerItemProxy */ = {
			isa = PBXContainerItemProxy;
			containerPortal = E765ED1524F9888100FA049D /* Project object */;
			proxyType = 1;
			remoteGlobalIDString = E765ED1C24F9888100FA049D;
			remoteInfo = Beeline;
		};
/* End PBXContainerItemProxy section */

/* Begin PBXFileReference section */
		033DA24B65A543EE3A8A6F73 /* Pods-Beeline.debug.xcconfig */ = {isa = PBXFileReference; includeInIndex = 1; lastKnownFileType = text.xcconfig; name = "Pods-Beeline.debug.xcconfig"; path = "Target Support Files/Pods-Beeline/Pods-Beeline.debug.xcconfig"; sourceTree = "<group>"; };
		44778FF340956406D32C272D /* Pods-BeelineTests.debug.xcconfig */ = {isa = PBXFileReference; includeInIndex = 1; lastKnownFileType = text.xcconfig; name = "Pods-BeelineTests.debug.xcconfig"; path = "Target Support Files/Pods-BeelineTests/Pods-BeelineTests.debug.xcconfig"; sourceTree = "<group>"; };
		6EBACD122B5E4FA8862F0A04 /* Pods_Beeline.framework */ = {isa = PBXFileReference; explicitFileType = wrapper.framework; includeInIndex = 0; path = Pods_Beeline.framework; sourceTree = BUILT_PRODUCTS_DIR; };
		87037EF56ADFDEA6B68891B4 /* Pods_BeelineTests.framework */ = {isa = PBXFileReference; explicitFileType = wrapper.framework; includeInIndex = 0; path = Pods_BeelineTests.framework; sourceTree = BUILT_PRODUCTS_DIR; };
		8F851687FF10C6FE12FBBBE2 /* Pods-Beeline.release.xcconfig */ = {isa = PBXFileReference; includeInIndex = 1; lastKnownFileType = text.xcconfig; name = "Pods-Beeline.release.xcconfig"; path = "Target Support Files/Pods-Beeline/Pods-Beeline.release.xcconfig"; sourceTree = "<group>"; };
		AC7454EEFAB25CE146C672B7 /* Pods-BeelineTests.release.xcconfig */ = {isa = PBXFileReference; includeInIndex = 1; lastKnownFileType = text.xcconfig; name = "Pods-BeelineTests.release.xcconfig"; path = "Target Support Files/Pods-BeelineTests/Pods-BeelineTests.release.xcconfig"; sourceTree = "<group>"; };
		E765ED1D24F9888100FA049D /* Beeline.app */ = {isa = PBXFileReference; explicitFileType = wrapper.application; includeInIndex = 0; path = Beeline.app; sourceTree = BUILT_PRODUCTS_DIR; };
		E765ED2024F9888100FA049D /* AppDelegate.swift */ = {isa = PBXFileReference; lastKnownFileType = sourcecode.swift; path = AppDelegate.swift; sourceTree = "<group>"; };
		E765ED2424F9888100FA049D /* ViewController.swift */ = {isa = PBXFileReference; lastKnownFileType = sourcecode.swift; path = ViewController.swift; sourceTree = "<group>"; };
		E765ED2724F9888100FA049D /* Base */ = {isa = PBXFileReference; lastKnownFileType = file.storyboard; name = Base; path = Base.lproj/Main.storyboard; sourceTree = "<group>"; };
		E765ED2924F9888300FA049D /* Assets.xcassets */ = {isa = PBXFileReference; lastKnownFileType = folder.assetcatalog; path = Assets.xcassets; sourceTree = "<group>"; };
		E765ED2C24F9888300FA049D /* Base */ = {isa = PBXFileReference; lastKnownFileType = file.storyboard; name = Base; path = Base.lproj/LaunchScreen.storyboard; sourceTree = "<group>"; };
		E765ED2E24F9888300FA049D /* Info.plist */ = {isa = PBXFileReference; lastKnownFileType = text.plist.xml; path = Info.plist; sourceTree = "<group>"; };
		E765ED3324F9888300FA049D /* BeelineTests.xctest */ = {isa = PBXFileReference; explicitFileType = wrapper.cfbundle; includeInIndex = 0; path = BeelineTests.xctest; sourceTree = BUILT_PRODUCTS_DIR; };
		E765ED3724F9888300FA049D /* BeelineTests.swift */ = {isa = PBXFileReference; lastKnownFileType = sourcecode.swift; path = BeelineTests.swift; sourceTree = "<group>"; };
		E765ED3924F9888300FA049D /* Info.plist */ = {isa = PBXFileReference; lastKnownFileType = text.plist.xml; path = Info.plist; sourceTree = "<group>"; };
		E786D72B24F995D90054CBE4 /* AppDelegateViewModel.swift */ = {isa = PBXFileReference; lastKnownFileType = sourcecode.swift; path = AppDelegateViewModel.swift; sourceTree = "<group>"; };
		E786D73224F998B20054CBE4 /* CLLocationManager+Rx.swift */ = {isa = PBXFileReference; fileEncoding = 4; lastKnownFileType = sourcecode.swift; path = "CLLocationManager+Rx.swift"; sourceTree = "<group>"; };
		E786D73424F9990A0054CBE4 /* RxCLLocationManagerDelegateProxy.swift */ = {isa = PBXFileReference; fileEncoding = 4; lastKnownFileType = sourcecode.swift; path = RxCLLocationManagerDelegateProxy.swift; sourceTree = "<group>"; };
		E786D73924F9A4960054CBE4 /* DefaultViewModel.swift */ = {isa = PBXFileReference; lastKnownFileType = sourcecode.swift; path = DefaultViewModel.swift; sourceTree = "<group>"; };
/* End PBXFileReference section */

/* Begin PBXFrameworksBuildPhase section */
		E765ED1A24F9888100FA049D /* Frameworks */ = {
			isa = PBXFrameworksBuildPhase;
			buildActionMask = 2147483647;
			files = (
				CA433D7AE73EBD69BC38430B /* Pods_Beeline.framework in Frameworks */,
			);
			runOnlyForDeploymentPostprocessing = 0;
		};
		E765ED3024F9888300FA049D /* Frameworks */ = {
			isa = PBXFrameworksBuildPhase;
			buildActionMask = 2147483647;
			files = (
				C579DAEB9A0D90593311328D /* Pods_BeelineTests.framework in Frameworks */,
			);
			runOnlyForDeploymentPostprocessing = 0;
		};
/* End PBXFrameworksBuildPhase section */

/* Begin PBXGroup section */
		95D5FE479E7FBD02E37632BF /* Pods */ = {
			isa = PBXGroup;
			children = (
				033DA24B65A543EE3A8A6F73 /* Pods-Beeline.debug.xcconfig */,
				8F851687FF10C6FE12FBBBE2 /* Pods-Beeline.release.xcconfig */,
				44778FF340956406D32C272D /* Pods-BeelineTests.debug.xcconfig */,
				AC7454EEFAB25CE146C672B7 /* Pods-BeelineTests.release.xcconfig */,
			);
			path = Pods;
			sourceTree = "<group>";
		};
		C8F1E7C1D69A9C52E9762E94 /* Frameworks */ = {
			isa = PBXGroup;
			children = (
				6EBACD122B5E4FA8862F0A04 /* Pods_Beeline.framework */,
				87037EF56ADFDEA6B68891B4 /* Pods_BeelineTests.framework */,
			);
			name = Frameworks;
			sourceTree = "<group>";
		};
		E765ED1424F9888100FA049D = {
			isa = PBXGroup;
			children = (
				E765ED1F24F9888100FA049D /* Beeline */,
				E765ED3624F9888300FA049D /* BeelineTests */,
				E765ED1E24F9888100FA049D /* Products */,
				95D5FE479E7FBD02E37632BF /* Pods */,
				C8F1E7C1D69A9C52E9762E94 /* Frameworks */,
			);
			sourceTree = "<group>";
		};
		E765ED1E24F9888100FA049D /* Products */ = {
			isa = PBXGroup;
			children = (
				E765ED1D24F9888100FA049D /* Beeline.app */,
				E765ED3324F9888300FA049D /* BeelineTests.xctest */,
			);
			name = Products;
			sourceTree = "<group>";
		};
		E765ED1F24F9888100FA049D /* Beeline */ = {
			isa = PBXGroup;
			children = (
				E786D73124F9986E0054CBE4 /* Extensions */,
				E765ED4324F98FCA00FA049D /* DefaultVC */,
				E765ED4224F988F100FA049D /* Support */,
				E765ED2E24F9888300FA049D /* Info.plist */,
			);
			path = Beeline;
			sourceTree = "<group>";
		};
		E765ED3624F9888300FA049D /* BeelineTests */ = {
			isa = PBXGroup;
			children = (
				E765ED3724F9888300FA049D /* BeelineTests.swift */,
				E765ED3924F9888300FA049D /* Info.plist */,
			);
			path = BeelineTests;
			sourceTree = "<group>";
		};
		E765ED4224F988F100FA049D /* Support */ = {
			isa = PBXGroup;
			children = (
				E765ED2024F9888100FA049D /* AppDelegate.swift */,
				E765ED2624F9888100FA049D /* Main.storyboard */,
				E765ED2924F9888300FA049D /* Assets.xcassets */,
				E765ED2B24F9888300FA049D /* LaunchScreen.storyboard */,
				E786D72B24F995D90054CBE4 /* AppDelegateViewModel.swift */,
			);
			path = Support;
			sourceTree = "<group>";
		};
		E765ED4324F98FCA00FA049D /* DefaultVC */ = {
			isa = PBXGroup;
			children = (
				E765ED2424F9888100FA049D /* ViewController.swift */,
				E786D73924F9A4960054CBE4 /* DefaultViewModel.swift */,
			);
			path = DefaultVC;
			sourceTree = "<group>";
		};
		E786D73124F9986E0054CBE4 /* Extensions */ = {
			isa = PBXGroup;
			children = (
				E786D73224F998B20054CBE4 /* CLLocationManager+Rx.swift */,
				E786D73424F9990A0054CBE4 /* RxCLLocationManagerDelegateProxy.swift */,
			);
			path = Extensions;
			sourceTree = "<group>";
		};
/* End PBXGroup section */

/* Begin PBXNativeTarget section */
		E765ED1C24F9888100FA049D /* Beeline */ = {
			isa = PBXNativeTarget;
			buildConfigurationList = E765ED3C24F9888300FA049D /* Build configuration list for PBXNativeTarget "Beeline" */;
			buildPhases = (
				5465580AA8DBD81483E451F1 /* [CP] Check Pods Manifest.lock */,
				E765ED1924F9888100FA049D /* Sources */,
				E765ED1A24F9888100FA049D /* Frameworks */,
				E765ED1B24F9888100FA049D /* Resources */,
				4D31A773FD3008EE413A735F /* [CP] Embed Pods Frameworks */,
			);
			buildRules = (
			);
			dependencies = (
			);
			name = Beeline;
			productName = Beeline;
			productReference = E765ED1D24F9888100FA049D /* Beeline.app */;
			productType = "com.apple.product-type.application";
		};
		E765ED3224F9888300FA049D /* BeelineTests */ = {
			isa = PBXNativeTarget;
			buildConfigurationList = E765ED3F24F9888300FA049D /* Build configuration list for PBXNativeTarget "BeelineTests" */;
			buildPhases = (
				D0B62B2CFEB288CFC6DE80C4 /* [CP] Check Pods Manifest.lock */,
				E765ED2F24F9888300FA049D /* Sources */,
				E765ED3024F9888300FA049D /* Frameworks */,
				E765ED3124F9888300FA049D /* Resources */,
			);
			buildRules = (
			);
			dependencies = (
				E765ED3524F9888300FA049D /* PBXTargetDependency */,
			);
			name = BeelineTests;
			productName = BeelineTests;
			productReference = E765ED3324F9888300FA049D /* BeelineTests.xctest */;
			productType = "com.apple.product-type.bundle.unit-test";
		};
/* End PBXNativeTarget section */

/* Begin PBXProject section */
		E765ED1524F9888100FA049D /* Project object */ = {
			isa = PBXProject;
			attributes = {
				LastSwiftUpdateCheck = 1140;
				LastUpgradeCheck = 1140;
				ORGANIZATIONNAME = zip520123;
				TargetAttributes = {
					E765ED1C24F9888100FA049D = {
						CreatedOnToolsVersion = 11.4.1;
					};
					E765ED3224F9888300FA049D = {
						CreatedOnToolsVersion = 11.4.1;
						TestTargetID = E765ED1C24F9888100FA049D;
					};
				};
			};
			buildConfigurationList = E765ED1824F9888100FA049D /* Build configuration list for PBXProject "Beeline" */;
			compatibilityVersion = "Xcode 9.3";
			developmentRegion = en;
			hasScannedForEncodings = 0;
			knownRegions = (
				en,
				Base,
			);
			mainGroup = E765ED1424F9888100FA049D;
			productRefGroup = E765ED1E24F9888100FA049D /* Products */;
			projectDirPath = "";
			projectRoot = "";
			targets = (
				E765ED1C24F9888100FA049D /* Beeline */,
				E765ED3224F9888300FA049D /* BeelineTests */,
			);
		};
/* End PBXProject section */

/* Begin PBXResourcesBuildPhase section */
		E765ED1B24F9888100FA049D /* Resources */ = {
			isa = PBXResourcesBuildPhase;
			buildActionMask = 2147483647;
			files = (
				E765ED2D24F9888300FA049D /* LaunchScreen.storyboard in Resources */,
				E765ED2A24F9888300FA049D /* Assets.xcassets in Resources */,
				E765ED2824F9888100FA049D /* Main.storyboard in Resources */,
			);
			runOnlyForDeploymentPostprocessing = 0;
		};
		E765ED3124F9888300FA049D /* Resources */ = {
			isa = PBXResourcesBuildPhase;
			buildActionMask = 2147483647;
			files = (
			);
			runOnlyForDeploymentPostprocessing = 0;
		};
/* End PBXResourcesBuildPhase section */

/* Begin PBXShellScriptBuildPhase section */
		4D31A773FD3008EE413A735F /* [CP] Embed Pods Frameworks */ = {
			isa = PBXShellScriptBuildPhase;
			buildActionMask = 2147483647;
			files = (
			);
			inputFileListPaths = (
				"${PODS_ROOT}/Target Support Files/Pods-Beeline/Pods-Beeline-frameworks-${CONFIGURATION}-input-files.xcfilelist",
			);
			name = "[CP] Embed Pods Frameworks";
			outputFileListPaths = (
				"${PODS_ROOT}/Target Support Files/Pods-Beeline/Pods-Beeline-frameworks-${CONFIGURATION}-output-files.xcfilelist",
			);
			runOnlyForDeploymentPostprocessing = 0;
			shellPath = /bin/sh;
			shellScript = "\"${PODS_ROOT}/Target Support Files/Pods-Beeline/Pods-Beeline-frameworks.sh\"\n";
			showEnvVarsInLog = 0;
		};
		5465580AA8DBD81483E451F1 /* [CP] Check Pods Manifest.lock */ = {
			isa = PBXShellScriptBuildPhase;
			buildActionMask = 2147483647;
			files = (
			);
			inputFileListPaths = (
			);
			inputPaths = (
				"${PODS_PODFILE_DIR_PATH}/Podfile.lock",
				"${PODS_ROOT}/Manifest.lock",
			);
			name = "[CP] Check Pods Manifest.lock";
			outputFileListPaths = (
			);
			outputPaths = (
				"$(DERIVED_FILE_DIR)/Pods-Beeline-checkManifestLockResult.txt",
			);
			runOnlyForDeploymentPostprocessing = 0;
			shellPath = /bin/sh;
			shellScript = "diff \"${PODS_PODFILE_DIR_PATH}/Podfile.lock\" \"${PODS_ROOT}/Manifest.lock\" > /dev/null\nif [ $? != 0 ] ; then\n    # print error to STDERR\n    echo \"error: The sandbox is not in sync with the Podfile.lock. Run 'pod install' or update your CocoaPods installation.\" >&2\n    exit 1\nfi\n# This output is used by Xcode 'outputs' to avoid re-running this script phase.\necho \"SUCCESS\" > \"${SCRIPT_OUTPUT_FILE_0}\"\n";
			showEnvVarsInLog = 0;
		};
		D0B62B2CFEB288CFC6DE80C4 /* [CP] Check Pods Manifest.lock */ = {
			isa = PBXShellScriptBuildPhase;
			buildActionMask = 2147483647;
			files = (
			);
			inputFileListPaths = (
			);
			inputPaths = (
				"${PODS_PODFILE_DIR_PATH}/Podfile.lock",
				"${PODS_ROOT}/Manifest.lock",
			);
			name = "[CP] Check Pods Manifest.lock";
			outputFileListPaths = (
			);
			outputPaths = (
				"$(DERIVED_FILE_DIR)/Pods-BeelineTests-checkManifestLockResult.txt",
			);
			runOnlyForDeploymentPostprocessing = 0;
			shellPath = /bin/sh;
			shellScript = "diff \"${PODS_PODFILE_DIR_PATH}/Podfile.lock\" \"${PODS_ROOT}/Manifest.lock\" > /dev/null\nif [ $? != 0 ] ; then\n    # print error to STDERR\n    echo \"error: The sandbox is not in sync with the Podfile.lock. Run 'pod install' or update your CocoaPods installation.\" >&2\n    exit 1\nfi\n# This output is used by Xcode 'outputs' to avoid re-running this script phase.\necho \"SUCCESS\" > \"${SCRIPT_OUTPUT_FILE_0}\"\n";
			showEnvVarsInLog = 0;
		};
/* End PBXShellScriptBuildPhase section */

/* Begin PBXSourcesBuildPhase section */
		E765ED1924F9888100FA049D /* Sources */ = {
			isa = PBXSourcesBuildPhase;
			buildActionMask = 2147483647;
			files = (
				E786D73524F9990A0054CBE4 /* RxCLLocationManagerDelegateProxy.swift in Sources */,
				E786D73A24F9A4960054CBE4 /* DefaultViewModel.swift in Sources */,
				E786D72C24F995D90054CBE4 /* AppDelegateViewModel.swift in Sources */,
				E786D73324F998B20054CBE4 /* CLLocationManager+Rx.swift in Sources */,
				E765ED2524F9888100FA049D /* ViewController.swift in Sources */,
				E765ED2124F9888100FA049D /* AppDelegate.swift in Sources */,
			);
			runOnlyForDeploymentPostprocessing = 0;
		};
		E765ED2F24F9888300FA049D /* Sources */ = {
			isa = PBXSourcesBuildPhase;
			buildActionMask = 2147483647;
			files = (
				E765ED3824F9888300FA049D /* BeelineTests.swift in Sources */,
			);
			runOnlyForDeploymentPostprocessing = 0;
		};
/* End PBXSourcesBuildPhase section */

/* Begin PBXTargetDependency section */
		E765ED3524F9888300FA049D /* PBXTargetDependency */ = {
			isa = PBXTargetDependency;
			target = E765ED1C24F9888100FA049D /* Beeline */;
			targetProxy = E765ED3424F9888300FA049D /* PBXContainerItemProxy */;
		};
/* End PBXTargetDependency section */

/* Begin PBXVariantGroup section */
		E765ED2624F9888100FA049D /* Main.storyboard */ = {
			isa = PBXVariantGroup;
			children = (
				E765ED2724F9888100FA049D /* Base */,
			);
			name = Main.storyboard;
			sourceTree = "<group>";
		};
		E765ED2B24F9888300FA049D /* LaunchScreen.storyboard */ = {
			isa = PBXVariantGroup;
			children = (
				E765ED2C24F9888300FA049D /* Base */,
			);
			name = LaunchScreen.storyboard;
			sourceTree = "<group>";
		};
/* End PBXVariantGroup section */

/* Begin XCBuildConfiguration section */
		E765ED3A24F9888300FA049D /* Debug */ = {
			isa = XCBuildConfiguration;
			buildSettings = {
				ALWAYS_SEARCH_USER_PATHS = NO;
				CLANG_ANALYZER_NONNULL = YES;
				CLANG_ANALYZER_NUMBER_OBJECT_CONVERSION = YES_AGGRESSIVE;
				CLANG_CXX_LANGUAGE_STANDARD = "gnu++14";
				CLANG_CXX_LIBRARY = "libc++";
				CLANG_ENABLE_MODULES = YES;
				CLANG_ENABLE_OBJC_ARC = YES;
				CLANG_ENABLE_OBJC_WEAK = YES;
				CLANG_WARN_BLOCK_CAPTURE_AUTORELEASING = YES;
				CLANG_WARN_BOOL_CONVERSION = YES;
				CLANG_WARN_COMMA = YES;
				CLANG_WARN_CONSTANT_CONVERSION = YES;
				CLANG_WARN_DEPRECATED_OBJC_IMPLEMENTATIONS = YES;
				CLANG_WARN_DIRECT_OBJC_ISA_USAGE = YES_ERROR;
				CLANG_WARN_DOCUMENTATION_COMMENTS = YES;
				CLANG_WARN_EMPTY_BODY = YES;
				CLANG_WARN_ENUM_CONVERSION = YES;
				CLANG_WARN_INFINITE_RECURSION = YES;
				CLANG_WARN_INT_CONVERSION = YES;
				CLANG_WARN_NON_LITERAL_NULL_CONVERSION = YES;
				CLANG_WARN_OBJC_IMPLICIT_RETAIN_SELF = YES;
				CLANG_WARN_OBJC_LITERAL_CONVERSION = YES;
				CLANG_WARN_OBJC_ROOT_CLASS = YES_ERROR;
				CLANG_WARN_RANGE_LOOP_ANALYSIS = YES;
				CLANG_WARN_STRICT_PROTOTYPES = YES;
				CLANG_WARN_SUSPICIOUS_MOVE = YES;
				CLANG_WARN_UNGUARDED_AVAILABILITY = YES_AGGRESSIVE;
				CLANG_WARN_UNREACHABLE_CODE = YES;
				CLANG_WARN__DUPLICATE_METHOD_MATCH = YES;
				COPY_PHASE_STRIP = NO;
				DEBUG_INFORMATION_FORMAT = dwarf;
				ENABLE_STRICT_OBJC_MSGSEND = YES;
				ENABLE_TESTABILITY = YES;
				GCC_C_LANGUAGE_STANDARD = gnu11;
				GCC_DYNAMIC_NO_PIC = NO;
				GCC_NO_COMMON_BLOCKS = YES;
				GCC_OPTIMIZATION_LEVEL = 0;
				GCC_PREPROCESSOR_DEFINITIONS = (
					"DEBUG=1",
					"$(inherited)",
				);
				GCC_WARN_64_TO_32_BIT_CONVERSION = YES;
				GCC_WARN_ABOUT_RETURN_TYPE = YES_ERROR;
				GCC_WARN_UNDECLARED_SELECTOR = YES;
				GCC_WARN_UNINITIALIZED_AUTOS = YES_AGGRESSIVE;
				GCC_WARN_UNUSED_FUNCTION = YES;
				GCC_WARN_UNUSED_VARIABLE = YES;
				IPHONEOS_DEPLOYMENT_TARGET = 13.4;
				MTL_ENABLE_DEBUG_INFO = INCLUDE_SOURCE;
				MTL_FAST_MATH = YES;
				ONLY_ACTIVE_ARCH = YES;
				SDKROOT = iphoneos;
				SWIFT_ACTIVE_COMPILATION_CONDITIONS = DEBUG;
				SWIFT_OPTIMIZATION_LEVEL = "-Onone";
			};
			name = Debug;
		};
		E765ED3B24F9888300FA049D /* Release */ = {
			isa = XCBuildConfiguration;
			buildSettings = {
				ALWAYS_SEARCH_USER_PATHS = NO;
				CLANG_ANALYZER_NONNULL = YES;
				CLANG_ANALYZER_NUMBER_OBJECT_CONVERSION = YES_AGGRESSIVE;
				CLANG_CXX_LANGUAGE_STANDARD = "gnu++14";
				CLANG_CXX_LIBRARY = "libc++";
				CLANG_ENABLE_MODULES = YES;
				CLANG_ENABLE_OBJC_ARC = YES;
				CLANG_ENABLE_OBJC_WEAK = YES;
				CLANG_WARN_BLOCK_CAPTURE_AUTORELEASING = YES;
				CLANG_WARN_BOOL_CONVERSION = YES;
				CLANG_WARN_COMMA = YES;
				CLANG_WARN_CONSTANT_CONVERSION = YES;
				CLANG_WARN_DEPRECATED_OBJC_IMPLEMENTATIONS = YES;
				CLANG_WARN_DIRECT_OBJC_ISA_USAGE = YES_ERROR;
				CLANG_WARN_DOCUMENTATION_COMMENTS = YES;
				CLANG_WARN_EMPTY_BODY = YES;
				CLANG_WARN_ENUM_CONVERSION = YES;
				CLANG_WARN_INFINITE_RECURSION = YES;
				CLANG_WARN_INT_CONVERSION = YES;
				CLANG_WARN_NON_LITERAL_NULL_CONVERSION = YES;
				CLANG_WARN_OBJC_IMPLICIT_RETAIN_SELF = YES;
				CLANG_WARN_OBJC_LITERAL_CONVERSION = YES;
				CLANG_WARN_OBJC_ROOT_CLASS = YES_ERROR;
				CLANG_WARN_RANGE_LOOP_ANALYSIS = YES;
				CLANG_WARN_STRICT_PROTOTYPES = YES;
				CLANG_WARN_SUSPICIOUS_MOVE = YES;
				CLANG_WARN_UNGUARDED_AVAILABILITY = YES_AGGRESSIVE;
				CLANG_WARN_UNREACHABLE_CODE = YES;
				CLANG_WARN__DUPLICATE_METHOD_MATCH = YES;
				COPY_PHASE_STRIP = NO;
				DEBUG_INFORMATION_FORMAT = "dwarf-with-dsym";
				ENABLE_NS_ASSERTIONS = NO;
				ENABLE_STRICT_OBJC_MSGSEND = YES;
				GCC_C_LANGUAGE_STANDARD = gnu11;
				GCC_NO_COMMON_BLOCKS = YES;
				GCC_WARN_64_TO_32_BIT_CONVERSION = YES;
				GCC_WARN_ABOUT_RETURN_TYPE = YES_ERROR;
				GCC_WARN_UNDECLARED_SELECTOR = YES;
				GCC_WARN_UNINITIALIZED_AUTOS = YES_AGGRESSIVE;
				GCC_WARN_UNUSED_FUNCTION = YES;
				GCC_WARN_UNUSED_VARIABLE = YES;
				IPHONEOS_DEPLOYMENT_TARGET = 13.4;
				MTL_ENABLE_DEBUG_INFO = NO;
				MTL_FAST_MATH = YES;
				SDKROOT = iphoneos;
				SWIFT_COMPILATION_MODE = wholemodule;
				SWIFT_OPTIMIZATION_LEVEL = "-O";
				VALIDATE_PRODUCT = YES;
			};
			name = Release;
		};
		E765ED3D24F9888300FA049D /* Debug */ = {
			isa = XCBuildConfiguration;
			baseConfigurationReference = 033DA24B65A543EE3A8A6F73 /* Pods-Beeline.debug.xcconfig */;
			buildSettings = {
				ASSETCATALOG_COMPILER_APPICON_NAME = AppIcon;
				CODE_SIGN_STYLE = Automatic;
				DEVELOPMENT_TEAM = N2M8C53W8L;
				INFOPLIST_FILE = Beeline/Info.plist;
				IPHONEOS_DEPLOYMENT_TARGET = 12.3;
				LD_RUNPATH_SEARCH_PATHS = (
					"$(inherited)",
					"@executable_path/Frameworks",
				);
				PRODUCT_BUNDLE_IDENTIFIER = com.zip520123.Beeline;
				PRODUCT_NAME = "$(TARGET_NAME)";
				SWIFT_VERSION = 5.0;
				TARGETED_DEVICE_FAMILY = "1,2";
			};
			name = Debug;
		};
		E765ED3E24F9888300FA049D /* Release */ = {
			isa = XCBuildConfiguration;
			baseConfigurationReference = 8F851687FF10C6FE12FBBBE2 /* Pods-Beeline.release.xcconfig */;
			buildSettings = {
				ASSETCATALOG_COMPILER_APPICON_NAME = AppIcon;
				CODE_SIGN_STYLE = Automatic;
				DEVELOPMENT_TEAM = N2M8C53W8L;
				INFOPLIST_FILE = Beeline/Info.plist;
				IPHONEOS_DEPLOYMENT_TARGET = 12.3;
				LD_RUNPATH_SEARCH_PATHS = (
					"$(inherited)",
					"@executable_path/Frameworks",
				);
				PRODUCT_BUNDLE_IDENTIFIER = com.zip520123.Beeline;
				PRODUCT_NAME = "$(TARGET_NAME)";
				SWIFT_VERSION = 5.0;
				TARGETED_DEVICE_FAMILY = "1,2";
			};
			name = Release;
		};
		E765ED4024F9888300FA049D /* Debug */ = {
			isa = XCBuildConfiguration;
			baseConfigurationReference = 44778FF340956406D32C272D /* Pods-BeelineTests.debug.xcconfig */;
			buildSettings = {
				ALWAYS_EMBED_SWIFT_STANDARD_LIBRARIES = YES;
				BUNDLE_LOADER = "$(TEST_HOST)";
				CODE_SIGN_STYLE = Automatic;
				DEVELOPMENT_TEAM = N2M8C53W8L;
				INFOPLIST_FILE = BeelineTests/Info.plist;
				IPHONEOS_DEPLOYMENT_TARGET = 13.4;
				LD_RUNPATH_SEARCH_PATHS = (
					"$(inherited)",
					"@executable_path/Frameworks",
					"@loader_path/Frameworks",
				);
				PRODUCT_BUNDLE_IDENTIFIER = com.zip520123.BeelineTests;
				PRODUCT_NAME = "$(TARGET_NAME)";
				SWIFT_VERSION = 5.0;
				TARGETED_DEVICE_FAMILY = "1,2";
				TEST_HOST = "$(BUILT_PRODUCTS_DIR)/Beeline.app/Beeline";
			};
			name = Debug;
		};
		E765ED4124F9888300FA049D /* Release */ = {
			isa = XCBuildConfiguration;
			baseConfigurationReference = AC7454EEFAB25CE146C672B7 /* Pods-BeelineTests.release.xcconfig */;
			buildSettings = {
				ALWAYS_EMBED_SWIFT_STANDARD_LIBRARIES = YES;
				BUNDLE_LOADER = "$(TEST_HOST)";
				CODE_SIGN_STYLE = Automatic;
				DEVELOPMENT_TEAM = N2M8C53W8L;
				INFOPLIST_FILE = BeelineTests/Info.plist;
				IPHONEOS_DEPLOYMENT_TARGET = 13.4;
				LD_RUNPATH_SEARCH_PATHS = (
					"$(inherited)",
					"@executable_path/Frameworks",
					"@loader_path/Frameworks",
				);
				PRODUCT_BUNDLE_IDENTIFIER = com.zip520123.BeelineTests;
				PRODUCT_NAME = "$(TARGET_NAME)";
				SWIFT_VERSION = 5.0;
				TARGETED_DEVICE_FAMILY = "1,2";
				TEST_HOST = "$(BUILT_PRODUCTS_DIR)/Beeline.app/Beeline";
			};
			name = Release;
		};
/* End XCBuildConfiguration section */

/* Begin XCConfigurationList section */
		E765ED1824F9888100FA049D /* Build configuration list for PBXProject "Beeline" */ = {
			isa = XCConfigurationList;
			buildConfigurations = (
				E765ED3A24F9888300FA049D /* Debug */,
				E765ED3B24F9888300FA049D /* Release */,
			);
			defaultConfigurationIsVisible = 0;
			defaultConfigurationName = Release;
		};
		E765ED3C24F9888300FA049D /* Build configuration list for PBXNativeTarget "Beeline" */ = {
			isa = XCConfigurationList;
			buildConfigurations = (
				E765ED3D24F9888300FA049D /* Debug */,
				E765ED3E24F9888300FA049D /* Release */,
			);
			defaultConfigurationIsVisible = 0;
			defaultConfigurationName = Release;
		};
		E765ED3F24F9888300FA049D /* Build configuration list for PBXNativeTarget "BeelineTests" */ = {
			isa = XCConfigurationList;
			buildConfigurations = (
				E765ED4024F9888300FA049D /* Debug */,
				E765ED4124F9888300FA049D /* Release */,
			);
			defaultConfigurationIsVisible = 0;
			defaultConfigurationName = Release;
		};
/* End XCConfigurationList section */
	};
	rootObject = E765ED1524F9888100FA049D /* Project object */;
}
